
Microsoft Visual Studio Solution File, Format Version 12.00
# Visual Studio Version 16
VisualStudioVersion = 16.0.30114.105
MinimumVisualStudioVersion = 10.0.40219.1
Project("{FAE04EC0-301F-11D3-BF4B-00C04F79EFBC}") = "Flir.Atlas2.0", "Flir.Atlas2.0.csproj", "{E3B4D36A-6B76-4EAD-814A-725DEF2C5006}"
EndProject
Global
	GlobalSection(SolutionConfigurationPlatforms) = preSolution
		Debug|Any CPU = Debug|Any CPU
		Release|Any CPU = Release|Any CPU
	EndGlobalSection
	GlobalSection(ProjectConfigurationPlatforms) = postSolution
		{E3B4D36A-6B76-4EAD-814A-725DEF2C5006}.Debug|Any CPU.ActiveCfg = Debug|Any CPU
		{E3B4D36A-6B76-4EAD-814A-725DEF2C5006}.Debug|Any CPU.Build.0 = Debug|Any CPU
		{E3B4D36A-6B76-4EAD-814A-725DEF2C5006}.Release|Any CPU.ActiveCfg = Release|Any CPU
		{E3B4D36A-6B76-4EAD-814A-725DEF2C5006}.Release|Any CPU.Build.0 = Release|Any CPU
	EndGlobalSection
	GlobalSection(SolutionProperties) = preSolution
		HideSolutionNode = FALSE
	EndGlobalSection
	GlobalSection(ExtensibilityGlobals) = postSolution
		SolutionGuid = {6E3EDE0A-227B-4739-B996-C4A2038F8EC9}
	EndGlobalSection
EndGlobal
